
Microsoft Visual Studio Solution File, Format Version 12.00
# Visual Studio 14
VisualStudioVersion = 14.0.24720.0
MinimumVisualStudioVersion = 10.0.40219.1
Project("{FAE04EC0-301F-11D3-BF4B-00C04F79EFBC}") = "SmtpService", "SmtpService\SmtpService.csproj", "{8AE29703-94F8-4782-B4B3-0301AB869A46}"
EndProject
Project("{FAE04EC0-301F-11D3-BF4B-00C04F79EFBC}") = "SmtpConsole", "SmtpConsole\SmtpConsole.csproj", "{C3E0F557-C554-43CD-BBE0-2EB3B298A596}"
EndProject
Project("{2150E333-8FDC-42A3-9474-1A3956D46DE8}") = "Solution Items", "Solution Items", "{797E991C-9441-4075-99F1-6B3F0A305C29}"
	ProjectSection(SolutionItems) = preProject
		..\LICENSE = ..\LICENSE
		..\README.md = ..\README.md
	EndProjectSection
EndProject
Project("{FAE04EC0-301F-11D3-BF4B-00C04F79EFBC}") = "SmtpTest", "SmtpTest\SmtpTest.csproj", "{667B4414-CF99-425D-B67A-635D5F4B4FCB}"
EndProject
Global
	GlobalSection(SolutionConfigurationPlatforms) = preSolution
		Debug|Any CPU = Debug|Any CPU
		Release|Any CPU = Release|Any CPU
	EndGlobalSection
	GlobalSection(ProjectConfigurationPlatforms) = postSolution
		{8AE29703-94F8-4782-B4B3-0301AB869A46}.Debug|Any CPU.ActiveCfg = Debug|Any CPU
		{8AE29703-94F8-4782-B4B3-0301AB869A46}.Debug|Any CPU.Build.0 = Debug|Any CPU
		{8AE29703-94F8-4782-B4B3-0301AB869A46}.Release|Any CPU.ActiveCfg = Release|Any CPU
		{8AE29703-94F8-4782-B4B3-0301AB869A46}.Release|Any CPU.Build.0 = Release|Any CPU
		{C3E0F557-C554-43CD-BBE0-2EB3B298A596}.Debug|Any CPU.ActiveCfg = Debug|Any CPU
		{C3E0F557-C554-43CD-BBE0-2EB3B298A596}.Debug|Any CPU.Build.0 = Debug|Any CPU
		{C3E0F557-C554-43CD-BBE0-2EB3B298A596}.Release|Any CPU.ActiveCfg = Release|Any CPU
		{C3E0F557-C554-43CD-BBE0-2EB3B298A596}.Release|Any CPU.Build.0 = Release|Any CPU
		{667B4414-CF99-425D-B67A-635D5F4B4FCB}.Debug|Any CPU.ActiveCfg = Debug|Any CPU
		{667B4414-CF99-425D-B67A-635D5F4B4FCB}.Debug|Any CPU.Build.0 = Debug|Any CPU
		{667B4414-CF99-425D-B67A-635D5F4B4FCB}.Release|Any CPU.ActiveCfg = Release|Any CPU
		{667B4414-CF99-425D-B67A-635D5F4B4FCB}.Release|Any CPU.Build.0 = Release|Any CPU
	EndGlobalSection
	GlobalSection(SolutionProperties) = preSolution
		HideSolutionNode = FALSE
	EndGlobalSection
EndGlobal
